// !$*UTF8*$!
{
	archiveVersion = 1;
	classes = {
	};
	objectVersion = 50;
	objects = {

/* Begin PBXBuildFile section */
		BAAFA80F20F6E91C006DB112 /* AppDelegate.swift in Sources */ = {isa = PBXBuildFile; fileRef = BAAFA80E20F6E91C006DB112 /* AppDelegate.swift */; };
		BAAFA81120F6E91C006DB112 /* art.scnassets in Resources */ = {isa = PBXBuildFile; fileRef = BAAFA81020F6E91C006DB112 /* art.scnassets */; };
		BAAFA81320F6E91C006DB112 /* ViewController.swift in Sources */ = {isa = PBXBuildFile; fileRef = BAAFA81220F6E91C006DB112 /* ViewController.swift */; };
		BAAFA81620F6E91C006DB112 /* Main.storyboard in Resources */ = {isa = PBXBuildFile; fileRef = BAAFA81420F6E91C006DB112 /* Main.storyboard */; };
		BAAFA81820F6E91F006DB112 /* Assets.xcassets in Resources */ = {isa = PBXBuildFile; fileRef = BAAFA81720F6E91F006DB112 /* Assets.xcassets */; };
		BAAFA81B20F6E91F006DB112 /* LaunchScreen.storyboard in Resources */ = {isa = PBXBuildFile; fileRef = BAAFA81920F6E91F006DB112 /* LaunchScreen.storyboard */; };
/* End PBXBuildFile section */

/* Begin PBXFileReference section */
		BAAFA80B20F6E91C006DB112 /* Monst-AR.app */ = {isa = PBXFileReference; explicitFileType = wrapper.application; includeInIndex = 0; path = "Monst-AR.app"; sourceTree = BUILT_PRODUCTS_DIR; };
		BAAFA80E20F6E91C006DB112 /* AppDelegate.swift */ = {isa = PBXFileReference; lastKnownFileType = sourcecode.swift; path = AppDelegate.swift; sourceTree = "<group>"; };
		BAAFA81020F6E91C006DB112 /* art.scnassets */ = {isa = PBXFileReference; lastKnownFileType = wrapper.scnassets; path = art.scnassets; sourceTree = "<group>"; };
		BAAFA81220F6E91C006DB112 /* ViewController.swift */ = {isa = PBXFileReference; lastKnownFileType = sourcecode.swift; path = ViewController.swift; sourceTree = "<group>"; };
		BAAFA81520F6E91C006DB112 /* Base */ = {isa = PBXFileReference; lastKnownFileType = file.storyboard; name = Base; path = Base.lproj/Main.storyboard; sourceTree = "<group>"; };
		BAAFA81720F6E91F006DB112 /* Assets.xcassets */ = {isa = PBXFileReference; lastKnownFileType = folder.assetcatalog; path = Assets.xcassets; sourceTree = "<group>"; };
		BAAFA81A20F6E91F006DB112 /* Base */ = {isa = PBXFileReference; lastKnownFileType = file.storyboard; name = Base; path = Base.lproj/LaunchScreen.storyboard; sourceTree = "<group>"; };
		BAAFA81C20F6E91F006DB112 /* Info.plist */ = {isa = PBXFileReference; lastKnownFileType = text.plist.xml; path = Info.plist; sourceTree = "<group>"; };
/* End PBXFileReference section */

/* Begin PBXFrameworksBuildPhase section */
		BAAFA80820F6E91C006DB112 /* Frameworks */ = {
			isa = PBXFrameworksBuildPhase;
			buildActionMask = 2147483647;
			files = (
			);
			runOnlyForDeploymentPostprocessing = 0;
		};
/* End PBXFrameworksBuildPhase section */

/* Begin PBXGroup section */
		BAAFA80220F6E91C006DB112 = {
			isa = PBXGroup;
			children = (
				BAAFA80D20F6E91C006DB112 /* Monst-AR */,
				BAAFA80C20F6E91C006DB112 /* Products */,
			);
			sourceTree = "<group>";
		};
		BAAFA80C20F6E91C006DB112 /* Products */ = {
			isa = PBXGroup;
			children = (
				BAAFA80B20F6E91C006DB112 /* Monst-AR.app */,
			);
			name = Products;
			sourceTree = "<group>";
		};
		BAAFA80D20F6E91C006DB112 /* Monst-AR */ = {
			isa = PBXGroup;
			children = (
				BAAFA80E20F6E91C006DB112 /* AppDelegate.swift */,
				BAAFA81020F6E91C006DB112 /* art.scnassets */,
				BAAFA81220F6E91C006DB112 /* ViewController.swift */,
				BAAFA81420F6E91C006DB112 /* Main.storyboard */,
				BAAFA81720F6E91F006DB112 /* Assets.xcassets */,
				BAAFA81920F6E91F006DB112 /* LaunchScreen.storyboard */,
				BAAFA81C20F6E91F006DB112 /* Info.plist */,
			);
			path = "Monst-AR";
			sourceTree = "<group>";
		};
/* End PBXGroup section */

/* Begin PBXNativeTarget section */
		BAAFA80A20F6E91C006DB112 /* Monst-AR */ = {
			isa = PBXNativeTarget;
			buildConfigurationList = BAAFA81F20F6E91F006DB112 /* Build configuration list for PBXNativeTarget "Monst-AR" */;
			buildPhases = (
				BAAFA80720F6E91C006DB112 /* Sources */,
				BAAFA80820F6E91C006DB112 /* Frameworks */,
				BAAFA80920F6E91C006DB112 /* Resources */,
			);
			buildRules = (
			);
			dependencies = (
			);
			name = "Monst-AR";
			productName = "Monst-AR";
			productReference = BAAFA80B20F6E91C006DB112 /* Monst-AR.app */;
			productType = "com.apple.product-type.application";
		};
/* End PBXNativeTarget section */

/* Begin PBXProject section */
		BAAFA80320F6E91C006DB112 /* Project object */ = {
			isa = PBXProject;
			attributes = {
				LastSwiftUpdateCheck = 0940;
				LastUpgradeCheck = 0940;
				ORGANIZATIONNAME = "Wallace Junior";
				TargetAttributes = {
					BAAFA80A20F6E91C006DB112 = {
						CreatedOnToolsVersion = 9.4.1;
					};
				};
			};
			buildConfigurationList = BAAFA80620F6E91C006DB112 /* Build configuration list for PBXProject "Monst-AR" */;
			compatibilityVersion = "Xcode 9.3";
			developmentRegion = en;
			hasScannedForEncodings = 0;
			knownRegions = (
				en,
				Base,
			);
			mainGroup = BAAFA80220F6E91C006DB112;
			productRefGroup = BAAFA80C20F6E91C006DB112 /* Products */;
			projectDirPath = "";
			projectRoot = "";
			targets = (
				BAAFA80A20F6E91C006DB112 /* Monst-AR */,
			);
		};
/* End PBXProject section */

/* Begin PBXResourcesBuildPhase section */
		BAAFA80920F6E91C006DB112 /* Resources */ = {
			isa = PBXResourcesBuildPhase;
			buildActionMask = 2147483647;
			files = (
				BAAFA81120F6E91C006DB112 /* art.scnassets in Resources */,
				BAAFA81B20F6E91F006DB112 /* LaunchScreen.storyboard in Resources */,
				BAAFA81820F6E91F006DB112 /* Assets.xcassets in Resources */,
				BAAFA81620F6E91C006DB112 /* Main.storyboard in Resources */,
			);
			runOnlyForDeploymentPostprocessing = 0;
		};
/* End PBXResourcesBuildPhase section */

/* Begin PBXSourcesBuildPhase section */
		BAAFA80720F6E91C006DB112 /* Sources */ = {
			isa = PBXSourcesBuildPhase;
			buildActionMask = 2147483647;
			files = (
				BAAFA81320F6E91C006DB112 /* ViewController.swift in Sources */,
				BAAFA80F20F6E91C006DB112 /* AppDelegate.swift in Sources */,
			);
			runOnlyForDeploymentPostprocessing = 0;
		};
/* End PBXSourcesBuildPhase section */

/* Begin PBXVariantGroup section */
		BAAFA81420F6E91C006DB112 /* Main.storyboard */ = {
			isa = PBXVariantGroup;
			children = (
				BAAFA81520F6E91C006DB112 /* Base */,
			);
			name = Main.storyboard;
			sourceTree = "<group>";
		};
		BAAFA81920F6E91F006DB112 /* LaunchScreen.storyboard */ = {
			isa = PBXVariantGroup;
			children = (
				BAAFA81A20F6E91F006DB112 /* Base */,
			);
			name = LaunchScreen.storyboard;
			sourceTree = "<group>";
		};
/* End PBXVariantGroup section */

/* Begin XCBuildConfiguration section */
		BAAFA81D20F6E91F006DB112 /* Debug */ = {
			isa = XCBuildConfiguration;
			buildSettings = {
				ALWAYS_SEARCH_USER_PATHS = NO;
				CLANG_ANALYZER_NONNULL = YES;
				CLANG_ANALYZER_NUMBER_OBJECT_CONVERSION = YES_AGGRESSIVE;
				CLANG_CXX_LANGUAGE_STANDARD = "gnu++14";
				CLANG_CXX_LIBRARY = "libc++";
				CLANG_ENABLE_MODULES = YES;
				CLANG_ENABLE_OBJC_ARC = YES;
				CLANG_ENABLE_OBJC_WEAK = YES;
				CLANG_WARN_BLOCK_CAPTURE_AUTORELEASING = YES;
				CLANG_WARN_BOOL_CONVERSION = YES;
				CLANG_WARN_COMMA = YES;
				CLANG_WARN_CONSTANT_CONVERSION = YES;
				CLANG_WARN_DEPRECATED_OBJC_IMPLEMENTATIONS = YES;
				CLANG_WARN_DIRECT_OBJC_ISA_USAGE = YES_ERROR;
				CLANG_WARN_DOCUMENTATION_COMMENTS = YES;
				CLANG_WARN_EMPTY_BODY = YES;
				CLANG_WARN_ENUM_CONVERSION = YES;
				CLANG_WARN_INFINITE_RECURSION = YES;
				CLANG_WARN_INT_CONVERSION = YES;
				CLANG_WARN_NON_LITERAL_NULL_CONVERSION = YES;
				CLANG_WARN_OBJC_IMPLICIT_RETAIN_SELF = YES;
				CLANG_WARN_OBJC_LITERAL_CONVERSION = YES;
				CLANG_WARN_OBJC_ROOT_CLASS = YES_ERROR;
				CLANG_WARN_RANGE_LOOP_ANALYSIS = YES;
				CLANG_WARN_STRICT_PROTOTYPES = YES;
				CLANG_WARN_SUSPICIOUS_MOVE = YES;
				CLANG_WARN_UNGUARDED_AVAILABILITY = YES_AGGRESSIVE;
				CLANG_WARN_UNREACHABLE_CODE = YES;
				CLANG_WARN__DUPLICATE_METHOD_MATCH = YES;
				CODE_SIGN_IDENTITY = "iPhone Developer";
				COPY_PHASE_STRIP = NO;
				DEBUG_INFORMATION_FORMAT = dwarf;
				ENABLE_STRICT_OBJC_MSGSEND = YES;
				ENABLE_TESTABILITY = YES;
				GCC_C_LANGUAGE_STANDARD = gnu11;
				GCC_DYNAMIC_NO_PIC = NO;
				GCC_NO_COMMON_BLOCKS = YES;
				GCC_OPTIMIZATION_LEVEL = 0;
				GCC_PREPROCESSOR_DEFINITIONS = (
					"DEBUG=1",
					"$(inherited)",
				);
				GCC_WARN_64_TO_32_BIT_CONVERSION = YES;
				GCC_WARN_ABOUT_RETURN_TYPE = YES_ERROR;
				GCC_WARN_UNDECLARED_SELECTOR = YES;
				GCC_WARN_UNINITIALIZED_AUTOS = YES_AGGRESSIVE;
				GCC_WARN_UNUSED_FUNCTION = YES;
				GCC_WARN_UNUSED_VARIABLE = YES;
				IPHONEOS_DEPLOYMENT_TARGET = 11.4;
				MTL_ENABLE_DEBUG_INFO = YES;
				ONLY_ACTIVE_ARCH = YES;
				SDKROOT = iphoneos;
				SWIFT_ACTIVE_COMPILATION_CONDITIONS = DEBUG;
				SWIFT_OPTIMIZATION_LEVEL = "-Onone";
			};
			name = Debug;
		};
		BAAFA81E20F6E91F006DB112 /* Release */ = {
			isa = XCBuildConfiguration;
			buildSettings = {
				ALWAYS_SEARCH_USER_PATHS = NO;
				CLANG_ANALYZER_NONNULL = YES;
				CLANG_ANALYZER_NUMBER_OBJECT_CONVERSION = YES_AGGRESSIVE;
				CLANG_CXX_LANGUAGE_STANDARD = "gnu++14";
				CLANG_CXX_LIBRARY = "libc++";
				CLANG_ENABLE_MODULES = YES;
				CLANG_ENABLE_OBJC_ARC = YES;
				CLANG_ENABLE_OBJC_WEAK = YES;
				CLANG_WARN_BLOCK_CAPTURE_AUTORELEASING = YES;
				CLANG_WARN_BOOL_CONVERSION = YES;
				CLANG_WARN_COMMA = YES;
				CLANG_WARN_CONSTANT_CONVERSION = YES;
				CLANG_WARN_DEPRECATED_OBJC_IMPLEMENTATIONS = YES;
				CLANG_WARN_DIRECT_OBJC_ISA_USAGE = YES_ERROR;
				CLANG_WARN_DOCUMENTATION_COMMENTS = YES;
				CLANG_WARN_EMPTY_BODY = YES;
				CLANG_WARN_ENUM_CONVERSION = YES;
				CLANG_WARN_INFINITE_RECURSION = YES;
				CLANG_WARN_INT_CONVERSION = YES;
				CLANG_WARN_NON_LITERAL_NULL_CONVERSION = YES;
				CLANG_WARN_OBJC_IMPLICIT_RETAIN_SELF = YES;
				CLANG_WARN_OBJC_LITERAL_CONVERSION = YES;
				CLANG_WARN_OBJC_ROOT_CLASS = YES_ERROR;
				CLANG_WARN_RANGE_LOOP_ANALYSIS = YES;
				CLANG_WARN_STRICT_PROTOTYPES = YES;
				CLANG_WARN_SUSPICIOUS_MOVE = YES;
				CLANG_WARN_UNGUARDED_AVAILABILITY = YES_AGGRESSIVE;
				CLANG_WARN_UNREACHABLE_CODE = YES;
				CLANG_WARN__DUPLICATE_METHOD_MATCH = YES;
				CODE_SIGN_IDENTITY = "iPhone Developer";
				COPY_PHASE_STRIP = NO;
				DEBUG_INFORMATION_FORMAT = "dwarf-with-dsym";
				ENABLE_NS_ASSERTIONS = NO;
				ENABLE_STRICT_OBJC_MSGSEND = YES;
				GCC_C_LANGUAGE_STANDARD = gnu11;
				GCC_NO_COMMON_BLOCKS = YES;
				GCC_WARN_64_TO_32_BIT_CONVERSION = YES;
				GCC_WARN_ABOUT_RETURN_TYPE = YES_ERROR;
				GCC_WARN_UNDECLARED_SELECTOR = YES;
				GCC_WARN_UNINITIALIZED_AUTOS = YES_AGGRESSIVE;
				GCC_WARN_UNUSED_FUNCTION = YES;
				GCC_WARN_UNUSED_VARIABLE = YES;
				IPHONEOS_DEPLOYMENT_TARGET = 11.4;
				MTL_ENABLE_DEBUG_INFO = NO;
				SDKROOT = iphoneos;
				SWIFT_COMPILATION_MODE = wholemodule;
				SWIFT_OPTIMIZATION_LEVEL = "-O";
				VALIDATE_PRODUCT = YES;
			};
			name = Release;
		};
		BAAFA82020F6E91F006DB112 /* Debug */ = {
			isa = XCBuildConfiguration;
			buildSettings = {
				ASSETCATALOG_COMPILER_APPICON_NAME = AppIcon;
				CODE_SIGN_STYLE = Automatic;
				DEVELOPMENT_TEAM = U47XPGS9CK;
				INFOPLIST_FILE = "Monst-AR/Info.plist";
				LD_RUNPATH_SEARCH_PATHS = (
					"$(inherited)",
					"@executable_path/Frameworks",
				);
				PRODUCT_BUNDLE_IDENTIFIER = "wssj2.Monst-AR";
				PRODUCT_NAME = "$(TARGET_NAME)";
				SWIFT_VERSION = 4.0;
				TARGETED_DEVICE_FAMILY = "1,2";
			};
			name = Debug;
		};
		BAAFA82120F6E91F006DB112 /* Release */ = {
			isa = XCBuildConfiguration;
			buildSettings = {
				ASSETCATALOG_COMPILER_APPICON_NAME = AppIcon;
				CODE_SIGN_STYLE = Automatic;
				DEVELOPMENT_TEAM = U47XPGS9CK;
				INFOPLIST_FILE = "Monst-AR/Info.plist";
				LD_RUNPATH_SEARCH_PATHS = (
					"$(inherited)",
					"@executable_path/Frameworks",
				);
				PRODUCT_BUNDLE_IDENTIFIER = "wssj2.Monst-AR";
				PRODUCT_NAME = "$(TARGET_NAME)";
				SWIFT_VERSION = 4.0;
				TARGETED_DEVICE_FAMILY = "1,2";
			};
			name = Release;
		};
/* End XCBuildConfiguration section */

/* Begin XCConfigurationList section */
		BAAFA80620F6E91C006DB112 /* Build configuration list for PBXProject "Monst-AR" */ = {
			isa = XCConfigurationList;
			buildConfigurations = (
				BAAFA81D20F6E91F006DB112 /* Debug */,
				BAAFA81E20F6E91F006DB112 /* Release */,
			);
			defaultConfigurationIsVisible = 0;
			defaultConfigurationName = Release;
		};
		BAAFA81F20F6E91F006DB112 /* Build configuration list for PBXNativeTarget "Monst-AR" */ = {
			isa = XCConfigurationList;
			buildConfigurations = (
				BAAFA82020F6E91F006DB112 /* Debug */,
				BAAFA82120F6E91F006DB112 /* Release */,
			);
			defaultConfigurationIsVisible = 0;
			defaultConfigurationName = Release;
		};
/* End XCConfigurationList section */
	};
	rootObject = BAAFA80320F6E91C006DB112 /* Project object */;
}
